// !$*UTF8*$!
{
	archiveVersion = 1;
	classes = {
	};
	objectVersion = 56;
	objects = {

/* Begin PBXBuildFile section */
		C921D8182A2B7114003F6FAF /* galaxy.jpeg in Resources */ = {isa = PBXBuildFile; fileRef = C921D8102A2B7112003F6FAF /* galaxy.jpeg */; };
		C921D8192A2B7114003F6FAF /* galaxyTwo.jpeg in Resources */ = {isa = PBXBuildFile; fileRef = C921D8112A2B7112003F6FAF /* galaxyTwo.jpeg */; };
		C921D81A2A2B7114003F6FAF /* galaxyOne.jpeg in Resources */ = {isa = PBXBuildFile; fileRef = C921D8122A2B7112003F6FAF /* galaxyOne.jpeg */; };
		C921D81B2A2B7114003F6FAF /* Stonewall_Ref.hdr in Resources */ = {isa = PBXBuildFile; fileRef = C921D8132A2B7113003F6FAF /* Stonewall_Ref.hdr */; };
		C921D81C2A2B7114003F6FAF /* hotel.jpeg in Resources */ = {isa = PBXBuildFile; fileRef = C921D8142A2B7113003F6FAF /* hotel.jpeg */; };
		C921D81D2A2B7114003F6FAF /* landscape.jpeg in Resources */ = {isa = PBXBuildFile; fileRef = C921D8152A2B7113003F6FAF /* landscape.jpeg */; };
		C921D81E2A2B7114003F6FAF /* classRoom.jpeg in Resources */ = {isa = PBXBuildFile; fileRef = C921D8162A2B7113003F6FAF /* classRoom.jpeg */; };
		C921D81F2A2B7114003F6FAF /* telescope360.jpeg in Resources */ = {isa = PBXBuildFile; fileRef = C921D8172A2B7114003F6FAF /* telescope360.jpeg */; };
		C921D8242A2B719A003F6FAF /* toy_biplane.usdz in Resources */ = {isa = PBXBuildFile; fileRef = C921D8212A2B7199003F6FAF /* toy_biplane.usdz */; };
		C921D8252A2B719A003F6FAF /* AirForce.usdz in Resources */ = {isa = PBXBuildFile; fileRef = C921D8222A2B7199003F6FAF /* AirForce.usdz */; };
		C921D8262A2B719A003F6FAF /* toy_drummer.usdz in Resources */ = {isa = PBXBuildFile; fileRef = C921D8232A2B719A003F6FAF /* toy_drummer.usdz */; };
		C99BCAF12A2B3EB100122CF6 /* RBR360ImageViewer in Frameworks */ = {isa = PBXBuildFile; productRef = C99BCAF02A2B3EB100122CF6 /* RBR360ImageViewer */; };
		C9A6AB2B2A2B3C99007B51D8 /* AppDelegate.swift in Sources */ = {isa = PBXBuildFile; fileRef = C9A6AB2A2A2B3C99007B51D8 /* AppDelegate.swift */; };
		C9A6AB2D2A2B3C99007B51D8 /* SceneDelegate.swift in Sources */ = {isa = PBXBuildFile; fileRef = C9A6AB2C2A2B3C99007B51D8 /* SceneDelegate.swift */; };
		C9A6AB2F2A2B3C99007B51D8 /* ViewController.swift in Sources */ = {isa = PBXBuildFile; fileRef = C9A6AB2E2A2B3C99007B51D8 /* ViewController.swift */; };
		C9A6AB322A2B3C99007B51D8 /* Main.storyboard in Resources */ = {isa = PBXBuildFile; fileRef = C9A6AB302A2B3C99007B51D8 /* Main.storyboard */; };
		C9A6AB342A2B3C9A007B51D8 /* Assets.xcassets in Resources */ = {isa = PBXBuildFile; fileRef = C9A6AB332A2B3C9A007B51D8 /* Assets.xcassets */; };
		C9A6AB372A2B3C9A007B51D8 /* LaunchScreen.storyboard in Resources */ = {isa = PBXBuildFile; fileRef = C9A6AB352A2B3C9A007B51D8 /* LaunchScreen.storyboard */; };
/* End PBXBuildFile section */

/* Begin PBXFileReference section */
		C921D8102A2B7112003F6FAF /* galaxy.jpeg */ = {isa = PBXFileReference; lastKnownFileType = image.jpeg; path = galaxy.jpeg; sourceTree = "<group>"; };
		C921D8112A2B7112003F6FAF /* galaxyTwo.jpeg */ = {isa = PBXFileReference; lastKnownFileType = image.jpeg; path = galaxyTwo.jpeg; sourceTree = "<group>"; };
		C921D8122A2B7112003F6FAF /* galaxyOne.jpeg */ = {isa = PBXFileReference; lastKnownFileType = image.jpeg; path = galaxyOne.jpeg; sourceTree = "<group>"; };
		C921D8132A2B7113003F6FAF /* Stonewall_Ref.hdr */ = {isa = PBXFileReference; lastKnownFileType = file; path = Stonewall_Ref.hdr; sourceTree = "<group>"; };
		C921D8142A2B7113003F6FAF /* hotel.jpeg */ = {isa = PBXFileReference; lastKnownFileType = image.jpeg; path = hotel.jpeg; sourceTree = "<group>"; };
		C921D8152A2B7113003F6FAF /* landscape.jpeg */ = {isa = PBXFileReference; lastKnownFileType = image.jpeg; path = landscape.jpeg; sourceTree = "<group>"; };
		C921D8162A2B7113003F6FAF /* classRoom.jpeg */ = {isa = PBXFileReference; lastKnownFileType = image.jpeg; path = classRoom.jpeg; sourceTree = "<group>"; };
		C921D8172A2B7114003F6FAF /* telescope360.jpeg */ = {isa = PBXFileReference; lastKnownFileType = image.jpeg; path = telescope360.jpeg; sourceTree = "<group>"; };
		C921D8212A2B7199003F6FAF /* toy_biplane.usdz */ = {isa = PBXFileReference; lastKnownFileType = file.usdz; path = toy_biplane.usdz; sourceTree = "<group>"; };
		C921D8222A2B7199003F6FAF /* AirForce.usdz */ = {isa = PBXFileReference; lastKnownFileType = file.usdz; path = AirForce.usdz; sourceTree = "<group>"; };
		C921D8232A2B719A003F6FAF /* toy_drummer.usdz */ = {isa = PBXFileReference; lastKnownFileType = file.usdz; path = toy_drummer.usdz; sourceTree = "<group>"; };
		C9A6AB272A2B3C99007B51D8 /* 360ViewerExample.app */ = {isa = PBXFileReference; explicitFileType = wrapper.application; includeInIndex = 0; path = 360ViewerExample.app; sourceTree = BUILT_PRODUCTS_DIR; };
		C9A6AB2A2A2B3C99007B51D8 /* AppDelegate.swift */ = {isa = PBXFileReference; lastKnownFileType = sourcecode.swift; path = AppDelegate.swift; sourceTree = "<group>"; };
		C9A6AB2C2A2B3C99007B51D8 /* SceneDelegate.swift */ = {isa = PBXFileReference; lastKnownFileType = sourcecode.swift; path = SceneDelegate.swift; sourceTree = "<group>"; };
		C9A6AB2E2A2B3C99007B51D8 /* ViewController.swift */ = {isa = PBXFileReference; lastKnownFileType = sourcecode.swift; path = ViewController.swift; sourceTree = "<group>"; };
		C9A6AB312A2B3C99007B51D8 /* Base */ = {isa = PBXFileReference; lastKnownFileType = file.storyboard; name = Base; path = Base.lproj/Main.storyboard; sourceTree = "<group>"; };
		C9A6AB332A2B3C9A007B51D8 /* Assets.xcassets */ = {isa = PBXFileReference; lastKnownFileType = folder.assetcatalog; path = Assets.xcassets; sourceTree = "<group>"; };
		C9A6AB362A2B3C9A007B51D8 /* Base */ = {isa = PBXFileReference; lastKnownFileType = file.storyboard; name = Base; path = Base.lproj/LaunchScreen.storyboard; sourceTree = "<group>"; };
		C9A6AB382A2B3C9A007B51D8 /* Info.plist */ = {isa = PBXFileReference; lastKnownFileType = text.plist.xml; path = Info.plist; sourceTree = "<group>"; };
/* End PBXFileReference section */

/* Begin PBXFrameworksBuildPhase section */
		C9A6AB242A2B3C99007B51D8 /* Frameworks */ = {
			isa = PBXFrameworksBuildPhase;
			buildActionMask = 2147483647;
			files = (
				C99BCAF12A2B3EB100122CF6 /* RBR360ImageViewer in Frameworks */,
			);
			runOnlyForDeploymentPostprocessing = 0;
		};
/* End PBXFrameworksBuildPhase section */

/* Begin PBXGroup section */
		C921D8202A2B7151003F6FAF /* 360 Images */ = {
			isa = PBXGroup;
			children = (
				C921D8162A2B7113003F6FAF /* classRoom.jpeg */,
				C921D8102A2B7112003F6FAF /* galaxy.jpeg */,
				C921D8122A2B7112003F6FAF /* galaxyOne.jpeg */,
				C921D8112A2B7112003F6FAF /* galaxyTwo.jpeg */,
				C921D8142A2B7113003F6FAF /* hotel.jpeg */,
				C921D8152A2B7113003F6FAF /* landscape.jpeg */,
				C921D8132A2B7113003F6FAF /* Stonewall_Ref.hdr */,
				C921D8172A2B7114003F6FAF /* telescope360.jpeg */,
			);
			path = "360 Images";
			sourceTree = "<group>";
		};
		C921D8272A2B71A2003F6FAF /* 3D Models */ = {
			isa = PBXGroup;
			children = (
				C921D8222A2B7199003F6FAF /* AirForce.usdz */,
				C921D8212A2B7199003F6FAF /* toy_biplane.usdz */,
				C921D8232A2B719A003F6FAF /* toy_drummer.usdz */,
			);
			path = "3D Models";
			sourceTree = "<group>";
		};
		C9A6AB1E2A2B3C99007B51D8 = {
			isa = PBXGroup;
			children = (
				C9A6AB292A2B3C99007B51D8 /* 360ViewerExample */,
				C9A6AB282A2B3C99007B51D8 /* Products */,
			);
			sourceTree = "<group>";
		};
		C9A6AB282A2B3C99007B51D8 /* Products */ = {
			isa = PBXGroup;
			children = (
				C9A6AB272A2B3C99007B51D8 /* 360ViewerExample.app */,
			);
			name = Products;
			sourceTree = "<group>";
		};
		C9A6AB292A2B3C99007B51D8 /* 360ViewerExample */ = {
			isa = PBXGroup;
			children = (
				C9A6AB2A2A2B3C99007B51D8 /* AppDelegate.swift */,
				C9A6AB2C2A2B3C99007B51D8 /* SceneDelegate.swift */,
				C9A6AB2E2A2B3C99007B51D8 /* ViewController.swift */,
				C921D8272A2B71A2003F6FAF /* 3D Models */,
				C921D8202A2B7151003F6FAF /* 360 Images */,
				C9A6AB302A2B3C99007B51D8 /* Main.storyboard */,
				C9A6AB332A2B3C9A007B51D8 /* Assets.xcassets */,
				C9A6AB352A2B3C9A007B51D8 /* LaunchScreen.storyboard */,
				C9A6AB382A2B3C9A007B51D8 /* Info.plist */,
			);
			path = 360ViewerExample;
			sourceTree = "<group>";
		};
/* End PBXGroup section */

/* Begin PBXNativeTarget section */
		C9A6AB262A2B3C99007B51D8 /* 360ViewerExample */ = {
			isa = PBXNativeTarget;
			buildConfigurationList = C9A6AB3B2A2B3C9A007B51D8 /* Build configuration list for PBXNativeTarget "360ViewerExample" */;
			buildPhases = (
				C9A6AB232A2B3C99007B51D8 /* Sources */,
				C9A6AB242A2B3C99007B51D8 /* Frameworks */,
				C9A6AB252A2B3C99007B51D8 /* Resources */,
			);
			buildRules = (
			);
			dependencies = (
			);
			name = 360ViewerExample;
			packageProductDependencies = (
				C99BCAF02A2B3EB100122CF6 /* RBR360ImageViewer */,
			);
			productName = 360ViewerExample;
			productReference = C9A6AB272A2B3C99007B51D8 /* 360ViewerExample.app */;
			productType = "com.apple.product-type.application";
		};
/* End PBXNativeTarget section */

/* Begin PBXProject section */
		C9A6AB1F2A2B3C99007B51D8 /* Project object */ = {
			isa = PBXProject;
			attributes = {
				BuildIndependentTargetsInParallel = 1;
				LastSwiftUpdateCheck = 1430;
				LastUpgradeCheck = 1430;
				TargetAttributes = {
					C9A6AB262A2B3C99007B51D8 = {
						CreatedOnToolsVersion = 14.3.1;
					};
				};
			};
			buildConfigurationList = C9A6AB222A2B3C99007B51D8 /* Build configuration list for PBXProject "360ViewerExample" */;
			compatibilityVersion = "Xcode 14.0";
			developmentRegion = en;
			hasScannedForEncodings = 0;
			knownRegions = (
				en,
				Base,
			);
			mainGroup = C9A6AB1E2A2B3C99007B51D8;
			packageReferences = (
				C99BCAEF2A2B3EB100122CF6 /* XCRemoteSwiftPackageReference "RBR360-Image-Viewer" */,
			);
			productRefGroup = C9A6AB282A2B3C99007B51D8 /* Products */;
			projectDirPath = "";
			projectRoot = "";
			targets = (
				C9A6AB262A2B3C99007B51D8 /* 360ViewerExample */,
			);
		};
/* End PBXProject section */

/* Begin PBXResourcesBuildPhase section */
		C9A6AB252A2B3C99007B51D8 /* Resources */ = {
			isa = PBXResourcesBuildPhase;
			buildActionMask = 2147483647;
			files = (
				C921D8192A2B7114003F6FAF /* galaxyTwo.jpeg in Resources */,
				C921D81D2A2B7114003F6FAF /* landscape.jpeg in Resources */,
				C921D81F2A2B7114003F6FAF /* telescope360.jpeg in Resources */,
				C921D8182A2B7114003F6FAF /* galaxy.jpeg in Resources */,
				C921D81B2A2B7114003F6FAF /* Stonewall_Ref.hdr in Resources */,
				C9A6AB372A2B3C9A007B51D8 /* LaunchScreen.storyboard in Resources */,
				C921D8242A2B719A003F6FAF /* toy_biplane.usdz in Resources */,
				C9A6AB342A2B3C9A007B51D8 /* Assets.xcassets in Resources */,
				C921D81C2A2B7114003F6FAF /* hotel.jpeg in Resources */,
				C921D8262A2B719A003F6FAF /* toy_drummer.usdz in Resources */,
				C921D81A2A2B7114003F6FAF /* galaxyOne.jpeg in Resources */,
				C921D81E2A2B7114003F6FAF /* classRoom.jpeg in Resources */,
				C9A6AB322A2B3C99007B51D8 /* Main.storyboard in Resources */,
				C921D8252A2B719A003F6FAF /* AirForce.usdz in Resources */,
			);
			runOnlyForDeploymentPostprocessing = 0;
		};
/* End PBXResourcesBuildPhase section */

/* Begin PBXSourcesBuildPhase section */
		C9A6AB232A2B3C99007B51D8 /* Sources */ = {
			isa = PBXSourcesBuildPhase;
			buildActionMask = 2147483647;
			files = (
				C9A6AB2F2A2B3C99007B51D8 /* ViewController.swift in Sources */,
				C9A6AB2B2A2B3C99007B51D8 /* AppDelegate.swift in Sources */,
				C9A6AB2D2A2B3C99007B51D8 /* SceneDelegate.swift in Sources */,
			);
			runOnlyForDeploymentPostprocessing = 0;
		};
/* End PBXSourcesBuildPhase section */

/* Begin PBXVariantGroup section */
		C9A6AB302A2B3C99007B51D8 /* Main.storyboard */ = {
			isa = PBXVariantGroup;
			children = (
				C9A6AB312A2B3C99007B51D8 /* Base */,
			);
			name = Main.storyboard;
			sourceTree = "<group>";
		};
		C9A6AB352A2B3C9A007B51D8 /* LaunchScreen.storyboard */ = {
			isa = PBXVariantGroup;
			children = (
				C9A6AB362A2B3C9A007B51D8 /* Base */,
			);
			name = LaunchScreen.storyboard;
			sourceTree = "<group>";
		};
/* End PBXVariantGroup section */

/* Begin XCBuildConfiguration section */
		C9A6AB392A2B3C9A007B51D8 /* Debug */ = {
			isa = XCBuildConfiguration;
			buildSettings = {
				ALWAYS_SEARCH_USER_PATHS = NO;
				CLANG_ANALYZER_NONNULL = YES;
				CLANG_ANALYZER_NUMBER_OBJECT_CONVERSION = YES_AGGRESSIVE;
				CLANG_CXX_LANGUAGE_STANDARD = "gnu++20";
				CLANG_ENABLE_MODULES = YES;
				CLANG_ENABLE_OBJC_ARC = YES;
				CLANG_ENABLE_OBJC_WEAK = YES;
				CLANG_WARN_BLOCK_CAPTURE_AUTORELEASING = YES;
				CLANG_WARN_BOOL_CONVERSION = YES;
				CLANG_WARN_COMMA = YES;
				CLANG_WARN_CONSTANT_CONVERSION = YES;
				CLANG_WARN_DEPRECATED_OBJC_IMPLEMENTATIONS = YES;
				CLANG_WARN_DIRECT_OBJC_ISA_USAGE = YES_ERROR;
				CLANG_WARN_DOCUMENTATION_COMMENTS = YES;
				CLANG_WARN_EMPTY_BODY = YES;
				CLANG_WARN_ENUM_CONVERSION = YES;
				CLANG_WARN_INFINITE_RECURSION = YES;
				CLANG_WARN_INT_CONVERSION = YES;
				CLANG_WARN_NON_LITERAL_NULL_CONVERSION = YES;
				CLANG_WARN_OBJC_IMPLICIT_RETAIN_SELF = YES;
				CLANG_WARN_OBJC_LITERAL_CONVERSION = YES;
				CLANG_WARN_OBJC_ROOT_CLASS = YES_ERROR;
				CLANG_WARN_QUOTED_INCLUDE_IN_FRAMEWORK_HEADER = YES;
				CLANG_WARN_RANGE_LOOP_ANALYSIS = YES;
				CLANG_WARN_STRICT_PROTOTYPES = YES;
				CLANG_WARN_SUSPICIOUS_MOVE = YES;
				CLANG_WARN_UNGUARDED_AVAILABILITY = YES_AGGRESSIVE;
				CLANG_WARN_UNREACHABLE_CODE = YES;
				CLANG_WARN__DUPLICATE_METHOD_MATCH = YES;
				COPY_PHASE_STRIP = NO;
				DEBUG_INFORMATION_FORMAT = dwarf;
				ENABLE_STRICT_OBJC_MSGSEND = YES;
				ENABLE_TESTABILITY = YES;
				GCC_C_LANGUAGE_STANDARD = gnu11;
				GCC_DYNAMIC_NO_PIC = NO;
				GCC_NO_COMMON_BLOCKS = YES;
				GCC_OPTIMIZATION_LEVEL = 0;
				GCC_PREPROCESSOR_DEFINITIONS = (
					"DEBUG=1",
					"$(inherited)",
				);
				GCC_WARN_64_TO_32_BIT_CONVERSION = YES;
				GCC_WARN_ABOUT_RETURN_TYPE = YES_ERROR;
				GCC_WARN_UNDECLARED_SELECTOR = YES;
				GCC_WARN_UNINITIALIZED_AUTOS = YES_AGGRESSIVE;
				GCC_WARN_UNUSED_FUNCTION = YES;
				GCC_WARN_UNUSED_VARIABLE = YES;
				IPHONEOS_DEPLOYMENT_TARGET = 16.4;
				MTL_ENABLE_DEBUG_INFO = INCLUDE_SOURCE;
				MTL_FAST_MATH = YES;
				ONLY_ACTIVE_ARCH = YES;
				SDKROOT = iphoneos;
				SWIFT_ACTIVE_COMPILATION_CONDITIONS = DEBUG;
				SWIFT_OPTIMIZATION_LEVEL = "-Onone";
			};
			name = Debug;
		};
		C9A6AB3A2A2B3C9A007B51D8 /* Release */ = {
			isa = XCBuildConfiguration;
			buildSettings = {
				ALWAYS_SEARCH_USER_PATHS = NO;
				CLANG_ANALYZER_NONNULL = YES;
				CLANG_ANALYZER_NUMBER_OBJECT_CONVERSION = YES_AGGRESSIVE;
				CLANG_CXX_LANGUAGE_STANDARD = "gnu++20";
				CLANG_ENABLE_MODULES = YES;
				CLANG_ENABLE_OBJC_ARC = YES;
				CLANG_ENABLE_OBJC_WEAK = YES;
				CLANG_WARN_BLOCK_CAPTURE_AUTORELEASING = YES;
				CLANG_WARN_BOOL_CONVERSION = YES;
				CLANG_WARN_COMMA = YES;
				CLANG_WARN_CONSTANT_CONVERSION = YES;
				CLANG_WARN_DEPRECATED_OBJC_IMPLEMENTATIONS = YES;
				CLANG_WARN_DIRECT_OBJC_ISA_USAGE = YES_ERROR;
				CLANG_WARN_DOCUMENTATION_COMMENTS = YES;
				CLANG_WARN_EMPTY_BODY = YES;
				CLANG_WARN_ENUM_CONVERSION = YES;
				CLANG_WARN_INFINITE_RECURSION = YES;
				CLANG_WARN_INT_CONVERSION = YES;
				CLANG_WARN_NON_LITERAL_NULL_CONVERSION = YES;
				CLANG_WARN_OBJC_IMPLICIT_RETAIN_SELF = YES;
				CLANG_WARN_OBJC_LITERAL_CONVERSION = YES;
				CLANG_WARN_OBJC_ROOT_CLASS = YES_ERROR;
				CLANG_WARN_QUOTED_INCLUDE_IN_FRAMEWORK_HEADER = YES;
				CLANG_WARN_RANGE_LOOP_ANALYSIS = YES;
				CLANG_WARN_STRICT_PROTOTYPES = YES;
				CLANG_WARN_SUSPICIOUS_MOVE = YES;
				CLANG_WARN_UNGUARDED_AVAILABILITY = YES_AGGRESSIVE;
				CLANG_WARN_UNREACHABLE_CODE = YES;
				CLANG_WARN__DUPLICATE_METHOD_MATCH = YES;
				COPY_PHASE_STRIP = NO;
				DEBUG_INFORMATION_FORMAT = "dwarf-with-dsym";
				ENABLE_NS_ASSERTIONS = NO;
				ENABLE_STRICT_OBJC_MSGSEND = YES;
				GCC_C_LANGUAGE_STANDARD = gnu11;
				GCC_NO_COMMON_BLOCKS = YES;
				GCC_WARN_64_TO_32_BIT_CONVERSION = YES;
				GCC_WARN_ABOUT_RETURN_TYPE = YES_ERROR;
				GCC_WARN_UNDECLARED_SELECTOR = YES;
				GCC_WARN_UNINITIALIZED_AUTOS = YES_AGGRESSIVE;
				GCC_WARN_UNUSED_FUNCTION = YES;
				GCC_WARN_UNUSED_VARIABLE = YES;
				IPHONEOS_DEPLOYMENT_TARGET = 16.4;
				MTL_ENABLE_DEBUG_INFO = NO;
				MTL_FAST_MATH = YES;
				SDKROOT = iphoneos;
				SWIFT_COMPILATION_MODE = wholemodule;
				SWIFT_OPTIMIZATION_LEVEL = "-O";
				VALIDATE_PRODUCT = YES;
			};
			name = Release;
		};
		C9A6AB3C2A2B3C9A007B51D8 /* Debug */ = {
			isa = XCBuildConfiguration;
			buildSettings = {
				ASSETCATALOG_COMPILER_APPICON_NAME = AppIcon;
				ASSETCATALOG_COMPILER_GLOBAL_ACCENT_COLOR_NAME = AccentColor;
				CODE_SIGN_STYLE = Automatic;
				CURRENT_PROJECT_VERSION = 1;
				DEVELOPMENT_TEAM = 53C3L492D5;
				GENERATE_INFOPLIST_FILE = YES;
				INFOPLIST_FILE = 360ViewerExample/Info.plist;
				INFOPLIST_KEY_UIApplicationSupportsIndirectInputEvents = YES;
				INFOPLIST_KEY_UILaunchStoryboardName = LaunchScreen;
				INFOPLIST_KEY_UIMainStoryboardFile = Main;
				INFOPLIST_KEY_UISupportedInterfaceOrientations_iPad = "UIInterfaceOrientationPortrait UIInterfaceOrientationPortraitUpsideDown UIInterfaceOrientationLandscapeLeft UIInterfaceOrientationLandscapeRight";
				INFOPLIST_KEY_UISupportedInterfaceOrientations_iPhone = "UIInterfaceOrientationPortrait UIInterfaceOrientationLandscapeLeft UIInterfaceOrientationLandscapeRight";
				LD_RUNPATH_SEARCH_PATHS = (
					"$(inherited)",
					"@executable_path/Frameworks",
				);
				MARKETING_VERSION = 1.0;
				PRODUCT_BUNDLE_IDENTIFIER = "com.rohan..-60ViewerExample";
				PRODUCT_NAME = "$(TARGET_NAME)";
				SWIFT_EMIT_LOC_STRINGS = YES;
				SWIFT_VERSION = 5.0;
				TARGETED_DEVICE_FAMILY = "1,2";
			};
			name = Debug;
		};
		C9A6AB3D2A2B3C9A007B51D8 /* Release */ = {
			isa = XCBuildConfiguration;
			buildSettings = {
				ASSETCATALOG_COMPILER_APPICON_NAME = AppIcon;
				ASSETCATALOG_COMPILER_GLOBAL_ACCENT_COLOR_NAME = AccentColor;
				CODE_SIGN_STYLE = Automatic;
				CURRENT_PROJECT_VERSION = 1;
				DEVELOPMENT_TEAM = 53C3L492D5;
				GENERATE_INFOPLIST_FILE = YES;
				INFOPLIST_FILE = 360ViewerExample/Info.plist;
				INFOPLIST_KEY_UIApplicationSupportsIndirectInputEvents = YES;
				INFOPLIST_KEY_UILaunchStoryboardName = LaunchScreen;
				INFOPLIST_KEY_UIMainStoryboardFile = Main;
				INFOPLIST_KEY_UISupportedInterfaceOrientations_iPad = "UIInterfaceOrientationPortrait UIInterfaceOrientationPortraitUpsideDown UIInterfaceOrientationLandscapeLeft UIInterfaceOrientationLandscapeRight";
				INFOPLIST_KEY_UISupportedInterfaceOrientations_iPhone = "UIInterfaceOrientationPortrait UIInterfaceOrientationLandscapeLeft UIInterfaceOrientationLandscapeRight";
				LD_RUNPATH_SEARCH_PATHS = (
					"$(inherited)",
					"@executable_path/Frameworks",
				);
				MARKETING_VERSION = 1.0;
				PRODUCT_BUNDLE_IDENTIFIER = "com.rohan..-60ViewerExample";
				PRODUCT_NAME = "$(TARGET_NAME)";
				SWIFT_EMIT_LOC_STRINGS = YES;
				SWIFT_VERSION = 5.0;
				TARGETED_DEVICE_FAMILY = "1,2";
			};
			name = Release;
		};
/* End XCBuildConfiguration section */

/* Begin XCConfigurationList section */
		C9A6AB222A2B3C99007B51D8 /* Build configuration list for PBXProject "360ViewerExample" */ = {
			isa = XCConfigurationList;
			buildConfigurations = (
				C9A6AB392A2B3C9A007B51D8 /* Debug */,
				C9A6AB3A2A2B3C9A007B51D8 /* Release */,
			);
			defaultConfigurationIsVisible = 0;
			defaultConfigurationName = Release;
		};
		C9A6AB3B2A2B3C9A007B51D8 /* Build configuration list for PBXNativeTarget "360ViewerExample" */ = {
			isa = XCConfigurationList;
			buildConfigurations = (
				C9A6AB3C2A2B3C9A007B51D8 /* Debug */,
				C9A6AB3D2A2B3C9A007B51D8 /* Release */,
			);
			defaultConfigurationIsVisible = 0;
			defaultConfigurationName = Release;
		};
/* End XCConfigurationList section */

/* Begin XCRemoteSwiftPackageReference section */
		C99BCAEF2A2B3EB100122CF6 /* XCRemoteSwiftPackageReference "RBR360-Image-Viewer" */ = {
			isa = XCRemoteSwiftPackageReference;
			repositoryURL = "https://github.com/rohanbimalraj/RBR360-Image-Viewer.git";
			requirement = {
				branch = main;
				kind = branch;
			};
		};
/* End XCRemoteSwiftPackageReference section */

/* Begin XCSwiftPackageProductDependency section */
		C99BCAF02A2B3EB100122CF6 /* RBR360ImageViewer */ = {
			isa = XCSwiftPackageProductDependency;
			package = C99BCAEF2A2B3EB100122CF6 /* XCRemoteSwiftPackageReference "RBR360-Image-Viewer" */;
			productName = RBR360ImageViewer;
		};
/* End XCSwiftPackageProductDependency section */
	};
	rootObject = C9A6AB1F2A2B3C99007B51D8 /* Project object */;
}
